// !$*UTF8*$!
{
	archiveVersion = 1;
	classes = {
	};
	objectVersion = 77;
	objects = {

/* Begin PBXBuildFile section */
		485A0D062FAC624700AA8130 /* byow-watch Watch App.app in Embed Watch Content */ = {isa = PBXBuildFile; fileRef = 485A0CE62FAC624700AA8130 /* byow-watch Watch App.app */; settings = {ATTRIBUTES = (RemoveHeadersOnCopy, ); }; };
		485A1BC62FAC98E900AA8130 /* WidgetKit.framework in Frameworks */ = {isa = PBXBuildFile; fileRef = 485A1BC52FAC98E900AA8130 /* WidgetKit.framework */; };
		485A1BC82FAC98E900AA8130 /* SwiftUI.framework in Frameworks */ = {isa = PBXBuildFile; fileRef = 485A1BC72FAC98E900AA8130 /* SwiftUI.framework */; };
		485A1BD52FAC98E900AA8130 /* byowWorkoutWidgetExtension.appex in Embed Foundation Extensions */ = {isa = PBXBuildFile; fileRef = 485A1BC32FAC98E900AA8130 /* byowWorkoutWidgetExtension.appex */; settings = {ATTRIBUTES = (RemoveHeadersOnCopy, ); }; };
		FBBB001000000000000000A1 /* BYOWDesignSystem in Frameworks */ = {isa = PBXBuildFile; productRef = FBBD001000000000000000A1 /* BYOWDesignSystem */; };
		FBBB001000000000000000A2 /* BYOWWorkoutKitCore in Frameworks */ = {isa = PBXBuildFile; productRef = FBBD001000000000000000A2 /* BYOWWorkoutKitCore */; };
		FBBB001000000000000000A3 /* BYOWWorkoutKitNet in Frameworks */ = {isa = PBXBuildFile; productRef = FBBD001000000000000000A3 /* BYOWWorkoutKitNet */; };
		FBBB001000000000000000B1 /* BYOWDesignSystem in Frameworks */ = {isa = PBXBuildFile; productRef = FBBD001000000000000000B1 /* BYOWDesignSystem */; };
		FBBB001000000000000000B2 /* BYOWWorkoutKitCore in Frameworks */ = {isa = PBXBuildFile; productRef = FBBD001000000000000000B2 /* BYOWWorkoutKitCore */; };
		FBBB001000000000000000B3 /* BYOWWorkoutKitNet in Frameworks */ = {isa = PBXBuildFile; productRef = FBBD001000000000000000B3 /* BYOWWorkoutKitNet */; };
/* End PBXBuildFile section */

/* Begin PBXContainerItemProxy section */
		48290F232FAA354500DC19DE /* PBXContainerItemProxy */ = {
			isa = PBXContainerItemProxy;
			containerPortal = 48290F0D2FAA354400DC19DE /* Project object */;
			proxyType = 1;
			remoteGlobalIDString = 48290F142FAA354400DC19DE;
			remoteInfo = byow;
		};
		48290F2D2FAA354500DC19DE /* PBXContainerItemProxy */ = {
			isa = PBXContainerItemProxy;
			containerPortal = 48290F0D2FAA354400DC19DE /* Project object */;
			proxyType = 1;
			remoteGlobalIDString = 48290F142FAA354400DC19DE;
			remoteInfo = byow;
		};
		485A0CF32FAC624700AA8130 /* PBXContainerItemProxy */ = {
			isa = PBXContainerItemProxy;
			containerPortal = 48290F0D2FAA354400DC19DE /* Project object */;
			proxyType = 1;
			remoteGlobalIDString = 485A0CE52FAC624700AA8130;
			remoteInfo = "byow-watch Watch App";
		};
		485A0CFD2FAC624700AA8130 /* PBXContainerItemProxy */ = {
			isa = PBXContainerItemProxy;
			containerPortal = 48290F0D2FAA354400DC19DE /* Project object */;
			proxyType = 1;
			remoteGlobalIDString = 485A0CE52FAC624700AA8130;
			remoteInfo = "byow-watch Watch App";
		};
		485A0D042FAC624700AA8130 /* PBXContainerItemProxy */ = {
			isa = PBXContainerItemProxy;
			containerPortal = 48290F0D2FAA354400DC19DE /* Project object */;
			proxyType = 1;
			remoteGlobalIDString = 485A0CE52FAC624700AA8130;
			remoteInfo = "byow-watch Watch App";
		};
		485A1BD32FAC98E900AA8130 /* PBXContainerItemProxy */ = {
			isa = PBXContainerItemProxy;
			containerPortal = 48290F0D2FAA354400DC19DE /* Project object */;
			proxyType = 1;
			remoteGlobalIDString = 485A1BC22FAC98E900AA8130;
			remoteInfo = byowWorkoutWidgetExtension;
		};
/* End PBXContainerItemProxy section */

/* Begin PBXCopyFilesBuildPhase section */
		485A0CDB2FAC5E9300AA8130 /* Embed Watch Content */ = {
			isa = PBXCopyFilesBuildPhase;
			buildActionMask = 2147483647;
			dstPath = "$(CONTENTS_FOLDER_PATH)/Watch";
			dstSubfolderSpec = 16;
			files = (
				485A0D062FAC624700AA8130 /* byow-watch Watch App.app in Embed Watch Content */,
			);
			name = "Embed Watch Content";
			runOnlyForDeploymentPostprocessing = 0;
		};
		485A1BDA2FAC98E900AA8130 /* Embed Foundation Extensions */ = {
			isa = PBXCopyFilesBuildPhase;
			buildActionMask = 2147483647;
			dstPath = "";
			dstSubfolderSpec = 13;
			files = (
				485A1BD52FAC98E900AA8130 /* byowWorkoutWidgetExtension.appex in Embed Foundation Extensions */,
			);
			name = "Embed Foundation Extensions";
			runOnlyForDeploymentPostprocessing = 0;
		};
/* End PBXCopyFilesBuildPhase section */

/* Begin PBXFileReference section */
		48290F152FAA354400DC19DE /* byow.app */ = {isa = PBXFileReference; explicitFileType = wrapper.application; includeInIndex = 0; path = byow.app; sourceTree = BUILT_PRODUCTS_DIR; };
		48290F222FAA354500DC19DE /* byowTests.xctest */ = {isa = PBXFileReference; explicitFileType = wrapper.cfbundle; includeInIndex = 0; path = byowTests.xctest; sourceTree = BUILT_PRODUCTS_DIR; };
		48290F2C2FAA354500DC19DE /* byowUITests.xctest */ = {isa = PBXFileReference; explicitFileType = wrapper.cfbundle; includeInIndex = 0; path = byowUITests.xctest; sourceTree = BUILT_PRODUCTS_DIR; };
		485A0CE62FAC624700AA8130 /* byow-watch Watch App.app */ = {isa = PBXFileReference; explicitFileType = wrapper.application; includeInIndex = 0; path = "byow-watch Watch App.app"; sourceTree = BUILT_PRODUCTS_DIR; };
		485A0CF22FAC624700AA8130 /* byow-watch Watch AppTests.xctest */ = {isa = PBXFileReference; explicitFileType = wrapper.cfbundle; includeInIndex = 0; path = "byow-watch Watch AppTests.xctest"; sourceTree = BUILT_PRODUCTS_DIR; };
		485A0CFC2FAC624700AA8130 /* byow-watch Watch AppUITests.xctest */ = {isa = PBXFileReference; explicitFileType = wrapper.cfbundle; includeInIndex = 0; path = "byow-watch Watch AppUITests.xctest"; sourceTree = BUILT_PRODUCTS_DIR; };
		485A1BC32FAC98E900AA8130 /* byowWorkoutWidgetExtension.appex */ = {isa = PBXFileReference; explicitFileType = "wrapper.app-extension"; includeInIndex = 0; path = byowWorkoutWidgetExtension.appex; sourceTree = BUILT_PRODUCTS_DIR; };
		485A1BC52FAC98E900AA8130 /* WidgetKit.framework */ = {isa = PBXFileReference; lastKnownFileType = wrapper.framework; name = WidgetKit.framework; path = System/Library/Frameworks/WidgetKit.framework; sourceTree = SDKROOT; };
		485A1BC72FAC98E900AA8130 /* SwiftUI.framework */ = {isa = PBXFileReference; lastKnownFileType = wrapper.framework; name = SwiftUI.framework; path = System/Library/Frameworks/SwiftUI.framework; sourceTree = SDKROOT; };
		485A1BF92FAC9A3400AA8130 /* byowWorkoutWidgetExtension.entitlements */ = {isa = PBXFileReference; lastKnownFileType = text.plist.entitlements; path = byowWorkoutWidgetExtension.entitlements; sourceTree = "<group>"; };
/* End PBXFileReference section */

/* Begin PBXFileSystemSynchronizedBuildFileExceptionSet section */
		485A1BD62FAC98E900AA8130 /* Exceptions for "byowWorkoutWidget" folder in "byowWorkoutWidgetExtension" target */ = {
			isa = PBXFileSystemSynchronizedBuildFileExceptionSet;
			membershipExceptions = (
				Info.plist,
			);
			target = 485A1BC22FAC98E900AA8130 /* byowWorkoutWidgetExtension */;
		};
		485A1BF82FAC9A0600AA8130 /* Exceptions for "byow" folder in "byowWorkoutWidgetExtension" target */ = {
			isa = PBXFileSystemSynchronizedBuildFileExceptionSet;
			membershipExceptions = (
				Features/Workout/LiveActivity/WorkoutActivityAttributes.swift,
			);
			target = 485A1BC22FAC98E900AA8130 /* byowWorkoutWidgetExtension */;
		};
/* End PBXFileSystemSynchronizedBuildFileExceptionSet section */

/* Begin PBXFileSystemSynchronizedRootGroup section */
		48290F172FAA354400DC19DE /* byow */ = {
			isa = PBXFileSystemSynchronizedRootGroup;
			exceptions = (
				485A1BF82FAC9A0600AA8130 /* Exceptions for "byow" folder in "byowWorkoutWidgetExtension" target */,
			);
			path = byow;
			sourceTree = "<group>";
		};
		48290F252FAA354500DC19DE /* byowTests */ = {
			isa = PBXFileSystemSynchronizedRootGroup;
			path = byowTests;
			sourceTree = "<group>";
		};
		48290F2F2FAA354500DC19DE /* byowUITests */ = {
			isa = PBXFileSystemSynchronizedRootGroup;
			path = byowUITests;
			sourceTree = "<group>";
		};
		485A0CE72FAC624700AA8130 /* byow-watch Watch App */ = {
			isa = PBXFileSystemSynchronizedRootGroup;
			path = "byow-watch Watch App";
			sourceTree = "<group>";
		};
		485A0CF52FAC624700AA8130 /* byow-watch Watch AppTests */ = {
			isa = PBXFileSystemSynchronizedRootGroup;
			path = "byow-watch Watch AppTests";
			sourceTree = "<group>";
		};
		485A0CFF2FAC624700AA8130 /* byow-watch Watch AppUITests */ = {
			isa = PBXFileSystemSynchronizedRootGroup;
			path = "byow-watch Watch AppUITests";
			sourceTree = "<group>";
		};
		485A1BC92FAC98E900AA8130 /* byowWorkoutWidget */ = {
			isa = PBXFileSystemSynchronizedRootGroup;
			exceptions = (
				485A1BD62FAC98E900AA8130 /* Exceptions for "byowWorkoutWidget" folder in "byowWorkoutWidgetExtension" target */,
			);
			path = byowWorkoutWidget;
			sourceTree = "<group>";
		};
/* End PBXFileSystemSynchronizedRootGroup section */

/* Begin PBXFrameworksBuildPhase section */
		48290F122FAA354400DC19DE /* Frameworks */ = {
			isa = PBXFrameworksBuildPhase;
			buildActionMask = 2147483647;
			files = (
				FBBB001000000000000000A1 /* BYOWDesignSystem in Frameworks */,
				FBBB001000000000000000A2 /* BYOWWorkoutKitCore in Frameworks */,
				FBBB001000000000000000A3 /* BYOWWorkoutKitNet in Frameworks */,
			);
			runOnlyForDeploymentPostprocessing = 0;
		};
		48290F1F2FAA354500DC19DE /* Frameworks */ = {
			isa = PBXFrameworksBuildPhase;
			buildActionMask = 2147483647;
			files = (
			);
			runOnlyForDeploymentPostprocessing = 0;
		};
		48290F292FAA354500DC19DE /* Frameworks */ = {
			isa = PBXFrameworksBuildPhase;
			buildActionMask = 2147483647;
			files = (
			);
			runOnlyForDeploymentPostprocessing = 0;
		};
		485A0CE32FAC624700AA8130 /* Frameworks */ = {
			isa = PBXFrameworksBuildPhase;
			buildActionMask = 2147483647;
			files = (
				FBBB001000000000000000B1 /* BYOWDesignSystem in Frameworks */,
				FBBB001000000000000000B2 /* BYOWWorkoutKitCore in Frameworks */,
				FBBB001000000000000000B3 /* BYOWWorkoutKitNet in Frameworks */,
			);
			runOnlyForDeploymentPostprocessing = 0;
		};
		485A0CEF2FAC624700AA8130 /* Frameworks */ = {
			isa = PBXFrameworksBuildPhase;
			buildActionMask = 2147483647;
			files = (
			);
			runOnlyForDeploymentPostprocessing = 0;
		};
		485A0CF92FAC624700AA8130 /* Frameworks */ = {
			isa = PBXFrameworksBuildPhase;
			buildActionMask = 2147483647;
			files = (
			);
			runOnlyForDeploymentPostprocessing = 0;
		};
		485A1BC02FAC98E900AA8130 /* Frameworks */ = {
			isa = PBXFrameworksBuildPhase;
			buildActionMask = 2147483647;
			files = (
				485A1BC82FAC98E900AA8130 /* SwiftUI.framework in Frameworks */,
				485A1BC62FAC98E900AA8130 /* WidgetKit.framework in Frameworks */,
			);
			runOnlyForDeploymentPostprocessing = 0;
		};
/* End PBXFrameworksBuildPhase section */

/* Begin PBXGroup section */
		48290F0C2FAA354400DC19DE = {
			isa = PBXGroup;
			children = (
				485A1BF92FAC9A3400AA8130 /* byowWorkoutWidgetExtension.entitlements */,
				48290F172FAA354400DC19DE /* byow */,
				48290F252FAA354500DC19DE /* byowTests */,
				48290F2F2FAA354500DC19DE /* byowUITests */,
				485A0CE72FAC624700AA8130 /* byow-watch Watch App */,
				485A0CF52FAC624700AA8130 /* byow-watch Watch AppTests */,
				485A0CFF2FAC624700AA8130 /* byow-watch Watch AppUITests */,
				485A1BC92FAC98E900AA8130 /* byowWorkoutWidget */,
				485A1BC42FAC98E900AA8130 /* Frameworks */,
				48290F162FAA354400DC19DE /* Products */,
			);
			sourceTree = "<group>";
		};
		48290F162FAA354400DC19DE /* Products */ = {
			isa = PBXGroup;
			children = (
				48290F152FAA354400DC19DE /* byow.app */,
				48290F222FAA354500DC19DE /* byowTests.xctest */,
				48290F2C2FAA354500DC19DE /* byowUITests.xctest */,
				485A0CE62FAC624700AA8130 /* byow-watch Watch App.app */,
				485A0CF22FAC624700AA8130 /* byow-watch Watch AppTests.xctest */,
				485A0CFC2FAC624700AA8130 /* byow-watch Watch AppUITests.xctest */,
				485A1BC32FAC98E900AA8130 /* byowWorkoutWidgetExtension.appex */,
			);
			name = Products;
			sourceTree = "<group>";
		};
		485A1BC42FAC98E900AA8130 /* Frameworks */ = {
			isa = PBXGroup;
			children = (
				485A1BC52FAC98E900AA8130 /* WidgetKit.framework */,
				485A1BC72FAC98E900AA8130 /* SwiftUI.framework */,
			);
			name = Frameworks;
			sourceTree = "<group>";
		};
/* End PBXGroup section */

/* Begin PBXNativeTarget section */
		48290F142FAA354400DC19DE /* byow */ = {
			isa = PBXNativeTarget;
			buildConfigurationList = 48290F362FAA354500DC19DE /* Build configuration list for PBXNativeTarget "byow" */;
			buildPhases = (
				48290F112FAA354400DC19DE /* Sources */,
				48290F122FAA354400DC19DE /* Frameworks */,
				48290F132FAA354400DC19DE /* Resources */,
				485A0CDB2FAC5E9300AA8130 /* Embed Watch Content */,
				485A1BDA2FAC98E900AA8130 /* Embed Foundation Extensions */,
			);
			buildRules = (
			);
			dependencies = (
				485A0D052FAC624700AA8130 /* PBXTargetDependency */,
				485A1BD42FAC98E900AA8130 /* PBXTargetDependency */,
			);
			fileSystemSynchronizedGroups = (
				48290F172FAA354400DC19DE /* byow */,
			);
			name = byow;
			packageProductDependencies = (
				FBBD001000000000000000A1 /* BYOWDesignSystem */,
				FBBD001000000000000000A2 /* BYOWWorkoutKitCore */,
				FBBD001000000000000000A3 /* BYOWWorkoutKitNet */,
			);
			productName = byow;
			productReference = 48290F152FAA354400DC19DE /* byow.app */;
			productType = "com.apple.product-type.application";
		};
		48290F212FAA354500DC19DE /* byowTests */ = {
			isa = PBXNativeTarget;
			buildConfigurationList = 48290F392FAA354500DC19DE /* Build configuration list for PBXNativeTarget "byowTests" */;
			buildPhases = (
				48290F1E2FAA354500DC19DE /* Sources */,
				48290F1F2FAA354500DC19DE /* Frameworks */,
				48290F202FAA354500DC19DE /* Resources */,
			);
			buildRules = (
			);
			dependencies = (
				48290F242FAA354500DC19DE /* PBXTargetDependency */,
			);
			fileSystemSynchronizedGroups = (
				48290F252FAA354500DC19DE /* byowTests */,
			);
			name = byowTests;
			packageProductDependencies = (
			);
			productName = byowTests;
			productReference = 48290F222FAA354500DC19DE /* byowTests.xctest */;
			productType = "com.apple.product-type.bundle.unit-test";
		};
		48290F2B2FAA354500DC19DE /* byowUITests */ = {
			isa = PBXNativeTarget;
			buildConfigurationList = 48290F3C2FAA354500DC19DE /* Build configuration list for PBXNativeTarget "byowUITests" */;
			buildPhases = (
				48290F282FAA354500DC19DE /* Sources */,
				48290F292FAA354500DC19DE /* Frameworks */,
				48290F2A2FAA354500DC19DE /* Resources */,
			);
			buildRules = (
			);
			dependencies = (
				48290F2E2FAA354500DC19DE /* PBXTargetDependency */,
			);
			fileSystemSynchronizedGroups = (
				48290F2F2FAA354500DC19DE /* byowUITests */,
			);
			name = byowUITests;
			packageProductDependencies = (
			);
			productName = byowUITests;
			productReference = 48290F2C2FAA354500DC19DE /* byowUITests.xctest */;
			productType = "com.apple.product-type.bundle.ui-testing";
		};
		485A0CE52FAC624700AA8130 /* byow-watch Watch App */ = {
			isa = PBXNativeTarget;
			buildConfigurationList = 485A0D072FAC624700AA8130 /* Build configuration list for PBXNativeTarget "byow-watch Watch App" */;
			buildPhases = (
				485A0CE22FAC624700AA8130 /* Sources */,
				485A0CE32FAC624700AA8130 /* Frameworks */,
				485A0CE42FAC624700AA8130 /* Resources */,
			);
			buildRules = (
			);
			dependencies = (
			);
			fileSystemSynchronizedGroups = (
				485A0CE72FAC624700AA8130 /* byow-watch Watch App */,
			);
			name = "byow-watch Watch App";
			packageProductDependencies = (
				FBBD001000000000000000B1 /* BYOWDesignSystem */,
				FBBD001000000000000000B2 /* BYOWWorkoutKitCore */,
				FBBD001000000000000000B3 /* BYOWWorkoutKitNet */,
			);
			productName = "byow-watch Watch App";
			productReference = 485A0CE62FAC624700AA8130 /* byow-watch Watch App.app */;
			productType = "com.apple.product-type.application";
		};
		485A0CF12FAC624700AA8130 /* byow-watch Watch AppTests */ = {
			isa = PBXNativeTarget;
			buildConfigurationList = 485A0D0A2FAC624700AA8130 /* Build configuration list for PBXNativeTarget "byow-watch Watch AppTests" */;
			buildPhases = (
				485A0CEE2FAC624700AA8130 /* Sources */,
				485A0CEF2FAC624700AA8130 /* Frameworks */,
				485A0CF02FAC624700AA8130 /* Resources */,
			);
			buildRules = (
			);
			dependencies = (
				485A0CF42FAC624700AA8130 /* PBXTargetDependency */,
			);
			fileSystemSynchronizedGroups = (
				485A0CF52FAC624700AA8130 /* byow-watch Watch AppTests */,
			);
			name = "byow-watch Watch AppTests";
			packageProductDependencies = (
			);
			productName = "byow-watch Watch AppTests";
			productReference = 485A0CF22FAC624700AA8130 /* byow-watch Watch AppTests.xctest */;
			productType = "com.apple.product-type.bundle.unit-test";
		};
		485A0CFB2FAC624700AA8130 /* byow-watch Watch AppUITests */ = {
			isa = PBXNativeTarget;
			buildConfigurationList = 485A0D0D2FAC624700AA8130 /* Build configuration list for PBXNativeTarget "byow-watch Watch AppUITests" */;
			buildPhases = (
				485A0CF82FAC624700AA8130 /* Sources */,
				485A0CF92FAC624700AA8130 /* Frameworks */,
				485A0CFA2FAC624700AA8130 /* Resources */,
			);
			buildRules = (
			);
			dependencies = (
				485A0CFE2FAC624700AA8130 /* PBXTargetDependency */,
			);
			fileSystemSynchronizedGroups = (
				485A0CFF2FAC624700AA8130 /* byow-watch Watch AppUITests */,
			);
			name = "byow-watch Watch AppUITests";
			packageProductDependencies = (
			);
			productName = "byow-watch Watch AppUITests";
			productReference = 485A0CFC2FAC624700AA8130 /* byow-watch Watch AppUITests.xctest */;
			productType = "com.apple.product-type.bundle.ui-testing";
		};
		485A1BC22FAC98E900AA8130 /* byowWorkoutWidgetExtension */ = {
			isa = PBXNativeTarget;
			buildConfigurationList = 485A1BD72FAC98E900AA8130 /* Build configuration list for PBXNativeTarget "byowWorkoutWidgetExtension" */;
			buildPhases = (
				485A1BBF2FAC98E900AA8130 /* Sources */,
				485A1BC02FAC98E900AA8130 /* Frameworks */,
				485A1BC12FAC98E900AA8130 /* Resources */,
			);
			buildRules = (
			);
			dependencies = (
			);
			fileSystemSynchronizedGroups = (
				485A1BC92FAC98E900AA8130 /* byowWorkoutWidget */,
			);
			name = byowWorkoutWidgetExtension;
			packageProductDependencies = (
			);
			productName = byowWorkoutWidgetExtension;
			productReference = 485A1BC32FAC98E900AA8130 /* byowWorkoutWidgetExtension.appex */;
			productType = "com.apple.product-type.app-extension";
		};
/* End PBXNativeTarget section */

/* Begin PBXProject section */
		48290F0D2FAA354400DC19DE /* Project object */ = {
			isa = PBXProject;
			attributes = {
				BuildIndependentTargetsInParallel = 1;
				LastSwiftUpdateCheck = 2640;
				LastUpgradeCheck = 2640;
				TargetAttributes = {
					48290F142FAA354400DC19DE = {
						CreatedOnToolsVersion = 26.4.1;
					};
					48290F212FAA354500DC19DE = {
						CreatedOnToolsVersion = 26.4.1;
						TestTargetID = 48290F142FAA354400DC19DE;
					};
					48290F2B2FAA354500DC19DE = {
						CreatedOnToolsVersion = 26.4.1;
						TestTargetID = 48290F142FAA354400DC19DE;
					};
					485A0CE52FAC624700AA8130 = {
						CreatedOnToolsVersion = 26.4.1;
					};
					485A0CF12FAC624700AA8130 = {
						CreatedOnToolsVersion = 26.4.1;
						TestTargetID = 485A0CE52FAC624700AA8130;
					};
					485A0CFB2FAC624700AA8130 = {
						CreatedOnToolsVersion = 26.4.1;
						TestTargetID = 485A0CE52FAC624700AA8130;
					};
					485A1BC22FAC98E900AA8130 = {
						CreatedOnToolsVersion = 26.4.1;
					};
				};
			};
			buildConfigurationList = 48290F102FAA354400DC19DE /* Build configuration list for PBXProject "byow" */;
			developmentRegion = en;
			hasScannedForEncodings = 0;
			knownRegions = (
				en,
				Base,
			);
			mainGroup = 48290F0C2FAA354400DC19DE;
			minimizedProjectReferenceProxies = 1;
			packageReferences = (
				FBBP001000000000000000A1 /* XCLocalSwiftPackageReference "Packages/BYOWWorkoutKit" */,
			);
			preferredProjectObjectVersion = 77;
			productRefGroup = 48290F162FAA354400DC19DE /* Products */;
			projectDirPath = "";
			projectRoot = "";
			targets = (
				48290F142FAA354400DC19DE /* byow */,
				48290F212FAA354500DC19DE /* byowTests */,
				48290F2B2FAA354500DC19DE /* byowUITests */,
				485A0CE52FAC624700AA8130 /* byow-watch Watch App */,
				485A0CF12FAC624700AA8130 /* byow-watch Watch AppTests */,
				485A0CFB2FAC624700AA8130 /* byow-watch Watch AppUITests */,
				485A1BC22FAC98E900AA8130 /* byowWorkoutWidgetExtension */,
			);
		};
/* End PBXProject section */

/* Begin PBXResourcesBuildPhase section */
		48290F132FAA354400DC19DE /* Resources */ = {
			isa = PBXResourcesBuildPhase;
			buildActionMask = 2147483647;
			files = (
			);
			runOnlyForDeploymentPostprocessing = 0;
		};
		48290F202FAA354500DC19DE /* Resources */ = {
			isa = PBXResourcesBuildPhase;
			buildActionMask = 2147483647;
			files = (
			);
			runOnlyForDeploymentPostprocessing = 0;
		};
		48290F2A2FAA354500DC19DE /* Resources */ = {
			isa = PBXResourcesBuildPhase;
			buildActionMask = 2147483647;
			files = (
			);
			runOnlyForDeploymentPostprocessing = 0;
		};
		485A0CE42FAC624700AA8130 /* Resources */ = {
			isa = PBXResourcesBuildPhase;
			buildActionMask = 2147483647;
			files = (
			);
			runOnlyForDeploymentPostprocessing = 0;
		};
		485A0CF02FAC624700AA8130 /* Resources */ = {
			isa = PBXResourcesBuildPhase;
			buildActionMask = 2147483647;
			files = (
			);
			runOnlyForDeploymentPostprocessing = 0;
		};
		485A0CFA2FAC624700AA8130 /* Resources */ = {
			isa = PBXResourcesBuildPhase;
			buildActionMask = 2147483647;
			files = (
			);
			runOnlyForDeploymentPostprocessing = 0;
		};
		485A1BC12FAC98E900AA8130 /* Resources */ = {
			isa = PBXResourcesBuildPhase;
			buildActionMask = 2147483647;
			files = (
			);
			runOnlyForDeploymentPostprocessing = 0;
		};
/* End PBXResourcesBuildPhase section */

/* Begin PBXSourcesBuildPhase section */
		48290F112FAA354400DC19DE /* Sources */ = {
			isa = PBXSourcesBuildPhase;
			buildActionMask = 2147483647;
			files = (
			);
			runOnlyForDeploymentPostprocessing = 0;
		};
		48290F1E2FAA354500DC19DE /* Sources */ = {
			isa = PBXSourcesBuildPhase;
			buildActionMask = 2147483647;
			files = (
			);
			runOnlyForDeploymentPostprocessing = 0;
		};
		48290F282FAA354500DC19DE /* Sources */ = {
			isa = PBXSourcesBuildPhase;
			buildActionMask = 2147483647;
			files = (
			);
			runOnlyForDeploymentPostprocessing = 0;
		};
		485A0CE22FAC624700AA8130 /* Sources */ = {
			isa = PBXSourcesBuildPhase;
			buildActionMask = 2147483647;
			files = (
			);
			runOnlyForDeploymentPostprocessing = 0;
		};
		485A0CEE2FAC624700AA8130 /* Sources */ = {
			isa = PBXSourcesBuildPhase;
			buildActionMask = 2147483647;
			files = (
			);
			runOnlyForDeploymentPostprocessing = 0;
		};
		485A0CF82FAC624700AA8130 /* Sources */ = {
			isa = PBXSourcesBuildPhase;
			buildActionMask = 2147483647;
			files = (
			);
			runOnlyForDeploymentPostprocessing = 0;
		};
		485A1BBF2FAC98E900AA8130 /* Sources */ = {
			isa = PBXSourcesBuildPhase;
			buildActionMask = 2147483647;
			files = (
			);
			runOnlyForDeploymentPostprocessing = 0;
		};
/* End PBXSourcesBuildPhase section */

/* Begin PBXTargetDependency section */
		48290F242FAA354500DC19DE /* PBXTargetDependency */ = {
			isa = PBXTargetDependency;
			target = 48290F142FAA354400DC19DE /* byow */;
			targetProxy = 48290F232FAA354500DC19DE /* PBXContainerItemProxy */;
		};
		48290F2E2FAA354500DC19DE /* PBXTargetDependency */ = {
			isa = PBXTargetDependency;
			target = 48290F142FAA354400DC19DE /* byow */;
			targetProxy = 48290F2D2FAA354500DC19DE /* PBXContainerItemProxy */;
		};
		485A0CF42FAC624700AA8130 /* PBXTargetDependency */ = {
			isa = PBXTargetDependency;
			target = 485A0CE52FAC624700AA8130 /* byow-watch Watch App */;
			targetProxy = 485A0CF32FAC624700AA8130 /* PBXContainerItemProxy */;
		};
		485A0CFE2FAC624700AA8130 /* PBXTargetDependency */ = {
			isa = PBXTargetDependency;
			target = 485A0CE52FAC624700AA8130 /* byow-watch Watch App */;
			targetProxy = 485A0CFD2FAC624700AA8130 /* PBXContainerItemProxy */;
		};
		485A0D052FAC624700AA8130 /* PBXTargetDependency */ = {
			isa = PBXTargetDependency;
			target = 485A0CE52FAC624700AA8130 /* byow-watch Watch App */;
			targetProxy = 485A0D042FAC624700AA8130 /* PBXContainerItemProxy */;
		};
		485A1BD42FAC98E900AA8130 /* PBXTargetDependency */ = {
			isa = PBXTargetDependency;
			target = 485A1BC22FAC98E900AA8130 /* byowWorkoutWidgetExtension */;
			targetProxy = 485A1BD32FAC98E900AA8130 /* PBXContainerItemProxy */;
		};
/* End PBXTargetDependency section */

/* Begin XCBuildConfiguration section */
		48290F342FAA354500DC19DE /* Debug */ = {
			isa = XCBuildConfiguration;
			buildSettings = {
				ALWAYS_SEARCH_USER_PATHS = NO;
				ASSETCATALOG_COMPILER_GENERATE_SWIFT_ASSET_SYMBOL_EXTENSIONS = YES;
				CLANG_ANALYZER_NONNULL = YES;
				CLANG_ANALYZER_NUMBER_OBJECT_CONVERSION = YES_AGGRESSIVE;
				CLANG_CXX_LANGUAGE_STANDARD = "gnu++20";
				CLANG_ENABLE_MODULES = YES;
				CLANG_ENABLE_OBJC_ARC = YES;
				CLANG_ENABLE_OBJC_WEAK = YES;
				CLANG_WARN_BLOCK_CAPTURE_AUTORELEASING = YES;
				CLANG_WARN_BOOL_CONVERSION = YES;
				CLANG_WARN_COMMA = YES;
				CLANG_WARN_CONSTANT_CONVERSION = YES;
				CLANG_WARN_DEPRECATED_OBJC_IMPLEMENTATIONS = YES;
				CLANG_WARN_DIRECT_OBJC_ISA_USAGE = YES_ERROR;
				CLANG_WARN_DOCUMENTATION_COMMENTS = YES;
				CLANG_WARN_EMPTY_BODY = YES;
				CLANG_WARN_ENUM_CONVERSION = YES;
				CLANG_WARN_INFINITE_RECURSION = YES;
				CLANG_WARN_INT_CONVERSION = YES;
				CLANG_WARN_NON_LITERAL_NULL_CONVERSION = YES;
				CLANG_WARN_OBJC_IMPLICIT_RETAIN_SELF = YES;
				CLANG_WARN_OBJC_LITERAL_CONVERSION = YES;
				CLANG_WARN_OBJC_ROOT_CLASS = YES_ERROR;
				CLANG_WARN_QUOTED_INCLUDE_IN_FRAMEWORK_HEADER = YES;
				CLANG_WARN_RANGE_LOOP_ANALYSIS = YES;
				CLANG_WARN_STRICT_PROTOTYPES = YES;
				CLANG_WARN_SUSPICIOUS_MOVE = YES;
				CLANG_WARN_UNGUARDED_AVAILABILITY = YES_AGGRESSIVE;
				CLANG_WARN_UNREACHABLE_CODE = YES;
				CLANG_WARN__DUPLICATE_METHOD_MATCH = YES;
				COPY_PHASE_STRIP = NO;
				DEBUG_INFORMATION_FORMAT = dwarf;
				ENABLE_STRICT_OBJC_MSGSEND = YES;
				ENABLE_TESTABILITY = YES;
				ENABLE_USER_SCRIPT_SANDBOXING = YES;
				GCC_C_LANGUAGE_STANDARD = gnu17;
				GCC_DYNAMIC_NO_PIC = NO;
				GCC_NO_COMMON_BLOCKS = YES;
				GCC_OPTIMIZATION_LEVEL = 0;
				GCC_PREPROCESSOR_DEFINITIONS = (
					"DEBUG=1",
					"$(inherited)",
				);
				GCC_WARN_64_TO_32_BIT_CONVERSION = YES;
				GCC_WARN_ABOUT_RETURN_TYPE = YES_ERROR;
				GCC_WARN_UNDECLARED_SELECTOR = YES;
				GCC_WARN_UNINITIALIZED_AUTOS = YES_AGGRESSIVE;
				GCC_WARN_UNUSED_FUNCTION = YES;
				GCC_WARN_UNUSED_VARIABLE = YES;
				LOCALIZATION_PREFERS_STRING_CATALOGS = YES;
				MTL_ENABLE_DEBUG_INFO = INCLUDE_SOURCE;
				MTL_FAST_MATH = YES;
				ONLY_ACTIVE_ARCH = YES;
				SWIFT_ACTIVE_COMPILATION_CONDITIONS = "DEBUG $(inherited)";
				SWIFT_OPTIMIZATION_LEVEL = "-Onone";
			};
			name = Debug;
		};
		48290F352FAA354500DC19DE /* Release */ = {
			isa = XCBuildConfiguration;
			buildSettings = {
				ALWAYS_SEARCH_USER_PATHS = NO;
				ASSETCATALOG_COMPILER_GENERATE_SWIFT_ASSET_SYMBOL_EXTENSIONS = YES;
				CLANG_ANALYZER_NONNULL = YES;
				CLANG_ANALYZER_NUMBER_OBJECT_CONVERSION = YES_AGGRESSIVE;
				CLANG_CXX_LANGUAGE_STANDARD = "gnu++20";
				CLANG_ENABLE_MODULES = YES;
				CLANG_ENABLE_OBJC_ARC = YES;
				CLANG_ENABLE_OBJC_WEAK = YES;
				CLANG_WARN_BLOCK_CAPTURE_AUTORELEASING = YES;
				CLANG_WARN_BOOL_CONVERSION = YES;
				CLANG_WARN_COMMA = YES;
				CLANG_WARN_CONSTANT_CONVERSION = YES;
				CLANG_WARN_DEPRECATED_OBJC_IMPLEMENTATIONS = YES;
				CLANG_WARN_DIRECT_OBJC_ISA_USAGE = YES_ERROR;
				CLANG_WARN_DOCUMENTATION_COMMENTS = YES;
				CLANG_WARN_EMPTY_BODY = YES;
				CLANG_WARN_ENUM_CONVERSION = YES;
				CLANG_WARN_INFINITE_RECURSION = YES;
				CLANG_WARN_INT_CONVERSION = YES;
				CLANG_WARN_NON_LITERAL_NULL_CONVERSION = YES;
				CLANG_WARN_OBJC_IMPLICIT_RETAIN_SELF = YES;
				CLANG_WARN_OBJC_LITERAL_CONVERSION = YES;
				CLANG_WARN_OBJC_ROOT_CLASS = YES_ERROR;
				CLANG_WARN_QUOTED_INCLUDE_IN_FRAMEWORK_HEADER = YES;
				CLANG_WARN_RANGE_LOOP_ANALYSIS = YES;
				CLANG_WARN_STRICT_PROTOTYPES = YES;
				CLANG_WARN_SUSPICIOUS_MOVE = YES;
				CLANG_WARN_UNGUARDED_AVAILABILITY = YES_AGGRESSIVE;
				CLANG_WARN_UNREACHABLE_CODE = YES;
				CLANG_WARN__DUPLICATE_METHOD_MATCH = YES;
				COPY_PHASE_STRIP = NO;
				DEBUG_INFORMATION_FORMAT = "dwarf-with-dsym";
				ENABLE_NS_ASSERTIONS = NO;
				ENABLE_STRICT_OBJC_MSGSEND = YES;
				ENABLE_USER_SCRIPT_SANDBOXING = YES;
				GCC_C_LANGUAGE_STANDARD = gnu17;
				GCC_NO_COMMON_BLOCKS = YES;
				GCC_WARN_64_TO_32_BIT_CONVERSION = YES;
				GCC_WARN_ABOUT_RETURN_TYPE = YES_ERROR;
				GCC_WARN_UNDECLARED_SELECTOR = YES;
				GCC_WARN_UNINITIALIZED_AUTOS = YES_AGGRESSIVE;
				GCC_WARN_UNUSED_FUNCTION = YES;
				GCC_WARN_UNUSED_VARIABLE = YES;
				LOCALIZATION_PREFERS_STRING_CATALOGS = YES;
				MTL_ENABLE_DEBUG_INFO = NO;
				MTL_FAST_MATH = YES;
				SWIFT_COMPILATION_MODE = wholemodule;
			};
			name = Release;
		};
		48290F372FAA354500DC19DE /* Debug */ = {
			isa = XCBuildConfiguration;
			buildSettings = {
				ASSETCATALOG_COMPILER_APPICON_NAME = AppIcon;
				ASSETCATALOG_COMPILER_GLOBAL_ACCENT_COLOR_NAME = AccentColor;
				CODE_SIGN_ENTITLEMENTS = byow/byow.entitlements;
				CODE_SIGN_STYLE = Automatic;
				CURRENT_PROJECT_VERSION = 1;
				ENABLE_APP_SANDBOX = YES;
				ENABLE_PREVIEWS = YES;
				ENABLE_USER_SELECTED_FILES = readonly;
				GENERATE_INFOPLIST_FILE = YES;
				INFOPLIST_KEY_CFBundleDisplayName = "Bring Your Own Workout";
				INFOPLIST_KEY_LSApplicationCategoryType = "public.app-category.healthcare-fitness";
				INFOPLIST_KEY_NSSupportsLiveActivities = YES;
				"INFOPLIST_KEY_UIApplicationSceneManifest_Generation[sdk=iphoneos*]" = YES;
				"INFOPLIST_KEY_UIApplicationSceneManifest_Generation[sdk=iphonesimulator*]" = YES;
				"INFOPLIST_KEY_UIApplicationSupportsIndirectInputEvents[sdk=iphoneos*]" = YES;
				"INFOPLIST_KEY_UIApplicationSupportsIndirectInputEvents[sdk=iphonesimulator*]" = YES;
				"INFOPLIST_KEY_UILaunchScreen_Generation[sdk=iphoneos*]" = YES;
				"INFOPLIST_KEY_UILaunchScreen_Generation[sdk=iphonesimulator*]" = YES;
				"INFOPLIST_KEY_UIStatusBarStyle[sdk=iphoneos*]" = UIStatusBarStyleDefault;
				"INFOPLIST_KEY_UIStatusBarStyle[sdk=iphonesimulator*]" = UIStatusBarStyleDefault;
				INFOPLIST_KEY_UISupportedInterfaceOrientations = UIInterfaceOrientationPortrait;
				INFOPLIST_KEY_UISupportedInterfaceOrientations_iPad = "UIInterfaceOrientationLandscapeLeft UIInterfaceOrientationLandscapeRight UIInterfaceOrientationPortrait UIInterfaceOrientationPortraitUpsideDown";
				IPHONEOS_DEPLOYMENT_TARGET = 26.0;
				LD_RUNPATH_SEARCH_PATHS = "@executable_path/Frameworks";
				"LD_RUNPATH_SEARCH_PATHS[sdk=macosx*]" = "@executable_path/../Frameworks";
				MACOSX_DEPLOYMENT_TARGET = 26.3;
				MARKETING_VERSION = 0.1.0;
				PRODUCT_BUNDLE_IDENTIFIER = "ai.byow.ios";
				PRODUCT_NAME = "$(TARGET_NAME)";
				REGISTER_APP_GROUPS = YES;
				SDKROOT = auto;
				STRING_CATALOG_GENERATE_SYMBOLS = YES;
				SUPPORTED_PLATFORMS = "iphoneos iphonesimulator";
				SUPPORTS_MACCATALYST = NO;
				SWIFT_APPROACHABLE_CONCURRENCY = YES;
				SWIFT_DEFAULT_ACTOR_ISOLATION = MainActor;
				SWIFT_EMIT_LOC_STRINGS = YES;
				SWIFT_UPCOMING_FEATURE_MEMBER_IMPORT_VISIBILITY = YES;
				SWIFT_VERSION = 5.0;
				TARGETED_DEVICE_FAMILY = 1;
				XROS_DEPLOYMENT_TARGET = 26.4;
			};
			name = Debug;
		};
		48290F382FAA354500DC19DE /* Release */ = {
			isa = XCBuildConfiguration;
			buildSettings = {
				ASSETCATALOG_COMPILER_APPICON_NAME = AppIcon;
				ASSETCATALOG_COMPILER_GLOBAL_ACCENT_COLOR_NAME = AccentColor;
				CODE_SIGN_ENTITLEMENTS = byow/byow.entitlements;
				CODE_SIGN_STYLE = Automatic;
				CURRENT_PROJECT_VERSION = 1;
				ENABLE_APP_SANDBOX = YES;
				ENABLE_PREVIEWS = YES;
				ENABLE_USER_SELECTED_FILES = readonly;
				GENERATE_INFOPLIST_FILE = YES;
				INFOPLIST_KEY_CFBundleDisplayName = "Bring Your Own Workout";
				INFOPLIST_KEY_LSApplicationCategoryType = "public.app-category.healthcare-fitness";
				INFOPLIST_KEY_NSSupportsLiveActivities = YES;
				"INFOPLIST_KEY_UIApplicationSceneManifest_Generation[sdk=iphoneos*]" = YES;
				"INFOPLIST_KEY_UIApplicationSceneManifest_Generation[sdk=iphonesimulator*]" = YES;
				"INFOPLIST_KEY_UIApplicationSupportsIndirectInputEvents[sdk=iphoneos*]" = YES;
				"INFOPLIST_KEY_UIApplicationSupportsIndirectInputEvents[sdk=iphonesimulator*]" = YES;
				"INFOPLIST_KEY_UILaunchScreen_Generation[sdk=iphoneos*]" = YES;
				"INFOPLIST_KEY_UILaunchScreen_Generation[sdk=iphonesimulator*]" = YES;
				"INFOPLIST_KEY_UIStatusBarStyle[sdk=iphoneos*]" = UIStatusBarStyleDefault;
				"INFOPLIST_KEY_UIStatusBarStyle[sdk=iphonesimulator*]" = UIStatusBarStyleDefault;
				INFOPLIST_KEY_UISupportedInterfaceOrientations = UIInterfaceOrientationPortrait;
				INFOPLIST_KEY_UISupportedInterfaceOrientations_iPad = "UIInterfaceOrientationLandscapeLeft UIInterfaceOrientationLandscapeRight UIInterfaceOrientationPortrait UIInterfaceOrientationPortraitUpsideDown";
				IPHONEOS_DEPLOYMENT_TARGET = 26.0;
				LD_RUNPATH_SEARCH_PATHS = "@executable_path/Frameworks";
				"LD_RUNPATH_SEARCH_PATHS[sdk=macosx*]" = "@executable_path/../Frameworks";
				MACOSX_DEPLOYMENT_TARGET = 26.3;
				MARKETING_VERSION = 0.1.0;
				PRODUCT_BUNDLE_IDENTIFIER = "ai.byow.ios";
				PRODUCT_NAME = "$(TARGET_NAME)";
				REGISTER_APP_GROUPS = YES;
				SDKROOT = auto;
				STRING_CATALOG_GENERATE_SYMBOLS = YES;
				SUPPORTED_PLATFORMS = "iphoneos iphonesimulator";
				SUPPORTS_MACCATALYST = NO;
				SWIFT_APPROACHABLE_CONCURRENCY = YES;
				SWIFT_DEFAULT_ACTOR_ISOLATION = MainActor;
				SWIFT_EMIT_LOC_STRINGS = YES;
				SWIFT_UPCOMING_FEATURE_MEMBER_IMPORT_VISIBILITY = YES;
				SWIFT_VERSION = 5.0;
				TARGETED_DEVICE_FAMILY = 1;
				XROS_DEPLOYMENT_TARGET = 26.4;
			};
			name = Release;
		};
		48290F3A2FAA354500DC19DE /* Debug */ = {
			isa = XCBuildConfiguration;
			buildSettings = {
				BUNDLE_LOADER = "$(TEST_HOST)";
				CODE_SIGN_STYLE = Automatic;
				CURRENT_PROJECT_VERSION = 1;
				GENERATE_INFOPLIST_FILE = YES;
				IPHONEOS_DEPLOYMENT_TARGET = 26.0;
				MACOSX_DEPLOYMENT_TARGET = 26.3;
				MARKETING_VERSION = 1.0;
				PRODUCT_BUNDLE_IDENTIFIER = "ai.byow.ios.tests";
				PRODUCT_NAME = "$(TARGET_NAME)";
				SDKROOT = auto;
				STRING_CATALOG_GENERATE_SYMBOLS = NO;
				SUPPORTED_PLATFORMS = "iphoneos iphonesimulator";
				SUPPORTS_MACCATALYST = NO;
				SWIFT_APPROACHABLE_CONCURRENCY = YES;
				SWIFT_EMIT_LOC_STRINGS = NO;
				SWIFT_UPCOMING_FEATURE_MEMBER_IMPORT_VISIBILITY = YES;
				SWIFT_VERSION = 5.0;
				TARGETED_DEVICE_FAMILY = 1;
				TEST_HOST = "$(BUILT_PRODUCTS_DIR)/byow.app/$(BUNDLE_EXECUTABLE_FOLDER_PATH)/byow";
				XROS_DEPLOYMENT_TARGET = 26.4;
			};
			name = Debug;
		};
		48290F3B2FAA354500DC19DE /* Release */ = {
			isa = XCBuildConfiguration;
			buildSettings = {
				BUNDLE_LOADER = "$(TEST_HOST)";
				CODE_SIGN_STYLE = Automatic;
				CURRENT_PROJECT_VERSION = 1;
				GENERATE_INFOPLIST_FILE = YES;
				IPHONEOS_DEPLOYMENT_TARGET = 26.0;
				MACOSX_DEPLOYMENT_TARGET = 26.3;
				MARKETING_VERSION = 1.0;
				PRODUCT_BUNDLE_IDENTIFIER = "ai.byow.ios.tests";
				PRODUCT_NAME = "$(TARGET_NAME)";
				SDKROOT = auto;
				STRING_CATALOG_GENERATE_SYMBOLS = NO;
				SUPPORTED_PLATFORMS = "iphoneos iphonesimulator";
				SUPPORTS_MACCATALYST = NO;
				SWIFT_APPROACHABLE_CONCURRENCY = YES;
				SWIFT_EMIT_LOC_STRINGS = NO;
				SWIFT_UPCOMING_FEATURE_MEMBER_IMPORT_VISIBILITY = YES;
				SWIFT_VERSION = 5.0;
				TARGETED_DEVICE_FAMILY = 1;
				TEST_HOST = "$(BUILT_PRODUCTS_DIR)/byow.app/$(BUNDLE_EXECUTABLE_FOLDER_PATH)/byow";
				XROS_DEPLOYMENT_TARGET = 26.4;
			};
			name = Release;
		};
		48290F3D2FAA354500DC19DE /* Debug */ = {
			isa = XCBuildConfiguration;
			buildSettings = {
				CODE_SIGN_STYLE = Automatic;
				CURRENT_PROJECT_VERSION = 1;
				GENERATE_INFOPLIST_FILE = YES;
				IPHONEOS_DEPLOYMENT_TARGET = 26.0;
				MACOSX_DEPLOYMENT_TARGET = 26.3;
				MARKETING_VERSION = 1.0;
				PRODUCT_BUNDLE_IDENTIFIER = "ai.byow.ios.uitests";
				PRODUCT_NAME = "$(TARGET_NAME)";
				SDKROOT = auto;
				STRING_CATALOG_GENERATE_SYMBOLS = NO;
				SUPPORTED_PLATFORMS = "iphoneos iphonesimulator";
				SUPPORTS_MACCATALYST = NO;
				SWIFT_APPROACHABLE_CONCURRENCY = YES;
				SWIFT_EMIT_LOC_STRINGS = NO;
				SWIFT_UPCOMING_FEATURE_MEMBER_IMPORT_VISIBILITY = YES;
				SWIFT_VERSION = 5.0;
				TARGETED_DEVICE_FAMILY = 1;
				TEST_TARGET_NAME = byow;
				XROS_DEPLOYMENT_TARGET = 26.4;
			};
			name = Debug;
		};
		48290F3E2FAA354500DC19DE /* Release */ = {
			isa = XCBuildConfiguration;
			buildSettings = {
				CODE_SIGN_STYLE = Automatic;
				CURRENT_PROJECT_VERSION = 1;
				GENERATE_INFOPLIST_FILE = YES;
				IPHONEOS_DEPLOYMENT_TARGET = 26.0;
				MACOSX_DEPLOYMENT_TARGET = 26.3;
				MARKETING_VERSION = 1.0;
				PRODUCT_BUNDLE_IDENTIFIER = "ai.byow.ios.uitests";
				PRODUCT_NAME = "$(TARGET_NAME)";
				SDKROOT = auto;
				STRING_CATALOG_GENERATE_SYMBOLS = NO;
				SUPPORTED_PLATFORMS = "iphoneos iphonesimulator";
				SUPPORTS_MACCATALYST = NO;
				SWIFT_APPROACHABLE_CONCURRENCY = YES;
				SWIFT_EMIT_LOC_STRINGS = NO;
				SWIFT_UPCOMING_FEATURE_MEMBER_IMPORT_VISIBILITY = YES;
				SWIFT_VERSION = 5.0;
				TARGETED_DEVICE_FAMILY = 1;
				TEST_TARGET_NAME = byow;
				XROS_DEPLOYMENT_TARGET = 26.4;
			};
			name = Release;
		};
		485A0D082FAC624700AA8130 /* Debug */ = {
			isa = XCBuildConfiguration;
			buildSettings = {
				ASSETCATALOG_COMPILER_APPICON_NAME = AppIcon;
				ASSETCATALOG_COMPILER_GLOBAL_ACCENT_COLOR_NAME = AccentColor;
				CODE_SIGN_ENTITLEMENTS = "byow-watch Watch App/byow-watch Watch App.entitlements";
				CODE_SIGN_STYLE = Automatic;
				CURRENT_PROJECT_VERSION = 1;
				ENABLE_PREVIEWS = YES;
				GENERATE_INFOPLIST_FILE = YES;
				INFOPLIST_KEY_CFBundleDisplayName = "BYOW";
				INFOPLIST_KEY_UISupportedInterfaceOrientations = "UIInterfaceOrientationPortrait UIInterfaceOrientationPortraitUpsideDown";
				INFOPLIST_KEY_WKCompanionAppBundleIdentifier = "ai.byow.ios";
				LD_RUNPATH_SEARCH_PATHS = (
					"$(inherited)",
					"@executable_path/Frameworks",
				);
				MARKETING_VERSION = 1.0;
				PRODUCT_BUNDLE_IDENTIFIER = "ai.byow.ios.watchkitapp";
				PRODUCT_NAME = "$(TARGET_NAME)";
				SDKROOT = watchos;
				SKIP_INSTALL = YES;
				STRING_CATALOG_GENERATE_SYMBOLS = YES;
				SWIFT_APPROACHABLE_CONCURRENCY = YES;
				SWIFT_DEFAULT_ACTOR_ISOLATION = MainActor;
				SWIFT_EMIT_LOC_STRINGS = YES;
				SWIFT_UPCOMING_FEATURE_MEMBER_IMPORT_VISIBILITY = YES;
				SWIFT_VERSION = 5.0;
				TARGETED_DEVICE_FAMILY = 4;
				WATCHOS_DEPLOYMENT_TARGET = 26.0;
			};
			name = Debug;
		};
		485A0D092FAC624700AA8130 /* Release */ = {
			isa = XCBuildConfiguration;
			buildSettings = {
				ASSETCATALOG_COMPILER_APPICON_NAME = AppIcon;
				ASSETCATALOG_COMPILER_GLOBAL_ACCENT_COLOR_NAME = AccentColor;
				CODE_SIGN_ENTITLEMENTS = "byow-watch Watch App/byow-watch Watch App.entitlements";
				CODE_SIGN_STYLE = Automatic;
				CURRENT_PROJECT_VERSION = 1;
				ENABLE_PREVIEWS = YES;
				GENERATE_INFOPLIST_FILE = YES;
				INFOPLIST_KEY_CFBundleDisplayName = "BYOW";
				INFOPLIST_KEY_UISupportedInterfaceOrientations = "UIInterfaceOrientationPortrait UIInterfaceOrientationPortraitUpsideDown";
				INFOPLIST_KEY_WKCompanionAppBundleIdentifier = "ai.byow.ios";
				LD_RUNPATH_SEARCH_PATHS = (
					"$(inherited)",
					"@executable_path/Frameworks",
				);
				MARKETING_VERSION = 1.0;
				PRODUCT_BUNDLE_IDENTIFIER = "ai.byow.ios.watchkitapp";
				PRODUCT_NAME = "$(TARGET_NAME)";
				SDKROOT = watchos;
				SKIP_INSTALL = YES;
				STRING_CATALOG_GENERATE_SYMBOLS = YES;
				SWIFT_APPROACHABLE_CONCURRENCY = YES;
				SWIFT_DEFAULT_ACTOR_ISOLATION = MainActor;
				SWIFT_EMIT_LOC_STRINGS = YES;
				SWIFT_UPCOMING_FEATURE_MEMBER_IMPORT_VISIBILITY = YES;
				SWIFT_VERSION = 5.0;
				TARGETED_DEVICE_FAMILY = 4;
				VALIDATE_PRODUCT = YES;
				WATCHOS_DEPLOYMENT_TARGET = 26.0;
			};
			name = Release;
		};
		485A0D0B2FAC624700AA8130 /* Debug */ = {
			isa = XCBuildConfiguration;
			buildSettings = {
				BUNDLE_LOADER = "$(TEST_HOST)";
				CODE_SIGN_STYLE = Automatic;
				CURRENT_PROJECT_VERSION = 1;
				GENERATE_INFOPLIST_FILE = YES;
				MARKETING_VERSION = 1.0;
				PRODUCT_BUNDLE_IDENTIFIER = "ai.byow.ios.watchtests";
				PRODUCT_NAME = "$(TARGET_NAME)";
				SDKROOT = watchos;
				STRING_CATALOG_GENERATE_SYMBOLS = NO;
				SWIFT_APPROACHABLE_CONCURRENCY = YES;
				SWIFT_EMIT_LOC_STRINGS = NO;
				SWIFT_UPCOMING_FEATURE_MEMBER_IMPORT_VISIBILITY = YES;
				SWIFT_VERSION = 5.0;
				TARGETED_DEVICE_FAMILY = 4;
				TEST_HOST = "$(BUILT_PRODUCTS_DIR)/byow-watch Watch App.app/$(BUNDLE_EXECUTABLE_FOLDER_PATH)/byow-watch Watch App";
				WATCHOS_DEPLOYMENT_TARGET = 26.0;
			};
			name = Debug;
		};
		485A0D0C2FAC624700AA8130 /* Release */ = {
			isa = XCBuildConfiguration;
			buildSettings = {
				BUNDLE_LOADER = "$(TEST_HOST)";
				CODE_SIGN_STYLE = Automatic;
				CURRENT_PROJECT_VERSION = 1;
				GENERATE_INFOPLIST_FILE = YES;
				MARKETING_VERSION = 1.0;
				PRODUCT_BUNDLE_IDENTIFIER = "ai.byow.ios.watchtests";
				PRODUCT_NAME = "$(TARGET_NAME)";
				SDKROOT = watchos;
				STRING_CATALOG_GENERATE_SYMBOLS = NO;
				SWIFT_APPROACHABLE_CONCURRENCY = YES;
				SWIFT_EMIT_LOC_STRINGS = NO;
				SWIFT_UPCOMING_FEATURE_MEMBER_IMPORT_VISIBILITY = YES;
				SWIFT_VERSION = 5.0;
				TARGETED_DEVICE_FAMILY = 4;
				TEST_HOST = "$(BUILT_PRODUCTS_DIR)/byow-watch Watch App.app/$(BUNDLE_EXECUTABLE_FOLDER_PATH)/byow-watch Watch App";
				VALIDATE_PRODUCT = YES;
				WATCHOS_DEPLOYMENT_TARGET = 26.0;
			};
			name = Release;
		};
		485A0D0E2FAC624700AA8130 /* Debug */ = {
			isa = XCBuildConfiguration;
			buildSettings = {
				CODE_SIGN_STYLE = Automatic;
				CURRENT_PROJECT_VERSION = 1;
				GENERATE_INFOPLIST_FILE = YES;
				MARKETING_VERSION = 1.0;
				PRODUCT_BUNDLE_IDENTIFIER = "ai.byow.ios.watchuitests";
				PRODUCT_NAME = "$(TARGET_NAME)";
				SDKROOT = watchos;
				STRING_CATALOG_GENERATE_SYMBOLS = NO;
				SWIFT_APPROACHABLE_CONCURRENCY = YES;
				SWIFT_EMIT_LOC_STRINGS = NO;
				SWIFT_UPCOMING_FEATURE_MEMBER_IMPORT_VISIBILITY = YES;
				SWIFT_VERSION = 5.0;
				TARGETED_DEVICE_FAMILY = 4;
				TEST_TARGET_NAME = "byow-watch Watch App";
				WATCHOS_DEPLOYMENT_TARGET = 26.0;
			};
			name = Debug;
		};
		485A0D0F2FAC624700AA8130 /* Release */ = {
			isa = XCBuildConfiguration;
			buildSettings = {
				CODE_SIGN_STYLE = Automatic;
				CURRENT_PROJECT_VERSION = 1;
				GENERATE_INFOPLIST_FILE = YES;
				MARKETING_VERSION = 1.0;
				PRODUCT_BUNDLE_IDENTIFIER = "ai.byow.ios.watchuitests";
				PRODUCT_NAME = "$(TARGET_NAME)";
				SDKROOT = watchos;
				STRING_CATALOG_GENERATE_SYMBOLS = NO;
				SWIFT_APPROACHABLE_CONCURRENCY = YES;
				SWIFT_EMIT_LOC_STRINGS = NO;
				SWIFT_UPCOMING_FEATURE_MEMBER_IMPORT_VISIBILITY = YES;
				SWIFT_VERSION = 5.0;
				TARGETED_DEVICE_FAMILY = 4;
				TEST_TARGET_NAME = "byow-watch Watch App";
				VALIDATE_PRODUCT = YES;
				WATCHOS_DEPLOYMENT_TARGET = 26.0;
			};
			name = Release;
		};
		485A1BD82FAC98E900AA8130 /* Debug */ = {
			isa = XCBuildConfiguration;
			buildSettings = {
				ASSETCATALOG_COMPILER_GLOBAL_ACCENT_COLOR_NAME = AccentColor;
				ASSETCATALOG_COMPILER_WIDGET_BACKGROUND_COLOR_NAME = WidgetBackground;
				CODE_SIGN_ENTITLEMENTS = byowWorkoutWidgetExtension.entitlements;
				CODE_SIGN_STYLE = Automatic;
				CURRENT_PROJECT_VERSION = 1;
				DEVELOPMENT_TEAM = "";
				GENERATE_INFOPLIST_FILE = YES;
				INFOPLIST_FILE = byowWorkoutWidget/Info.plist;
				INFOPLIST_KEY_CFBundleDisplayName = byowWorkoutWidget;
				INFOPLIST_KEY_NSHumanReadableCopyright = "";
				IPHONEOS_DEPLOYMENT_TARGET = 26.0;
				LD_RUNPATH_SEARCH_PATHS = (
					"$(inherited)",
					"@executable_path/Frameworks",
					"@executable_path/../../Frameworks",
				);
				MARKETING_VERSION = 1.0;
				PRODUCT_BUNDLE_IDENTIFIER = "ai.byow.ios.widget";
				PRODUCT_NAME = "$(TARGET_NAME)";
				SDKROOT = iphoneos;
				SKIP_INSTALL = YES;
				STRING_CATALOG_GENERATE_SYMBOLS = YES;
				SUPPORTED_PLATFORMS = "iphoneos iphonesimulator";
				SUPPORTS_MACCATALYST = NO;
				SUPPORTS_MAC_DESIGNED_FOR_IPHONE_IPAD = NO;
				SUPPORTS_XR_DESIGNED_FOR_IPHONE_IPAD = NO;
				SWIFT_APPROACHABLE_CONCURRENCY = YES;
				SWIFT_EMIT_LOC_STRINGS = YES;
				SWIFT_UPCOMING_FEATURE_MEMBER_IMPORT_VISIBILITY = YES;
				SWIFT_VERSION = 5.0;
				TARGETED_DEVICE_FAMILY = 1;
			};
			name = Debug;
		};
		485A1BD92FAC98E900AA8130 /* Release */ = {
			isa = XCBuildConfiguration;
			buildSettings = {
				ASSETCATALOG_COMPILER_GLOBAL_ACCENT_COLOR_NAME = AccentColor;
				ASSETCATALOG_COMPILER_WIDGET_BACKGROUND_COLOR_NAME = WidgetBackground;
				CODE_SIGN_ENTITLEMENTS = byowWorkoutWidgetExtension.entitlements;
				CODE_SIGN_STYLE = Automatic;
				CURRENT_PROJECT_VERSION = 1;
				DEVELOPMENT_TEAM = "";
				GENERATE_INFOPLIST_FILE = YES;
				INFOPLIST_FILE = byowWorkoutWidget/Info.plist;
				INFOPLIST_KEY_CFBundleDisplayName = byowWorkoutWidget;
				INFOPLIST_KEY_NSHumanReadableCopyright = "";
				IPHONEOS_DEPLOYMENT_TARGET = 26.0;
				LD_RUNPATH_SEARCH_PATHS = (
					"$(inherited)",
					"@executable_path/Frameworks",
					"@executable_path/../../Frameworks",
				);
				MARKETING_VERSION = 1.0;
				PRODUCT_BUNDLE_IDENTIFIER = "ai.byow.ios.widget";
				PRODUCT_NAME = "$(TARGET_NAME)";
				SDKROOT = iphoneos;
				SKIP_INSTALL = YES;
				STRING_CATALOG_GENERATE_SYMBOLS = YES;
				SUPPORTED_PLATFORMS = "iphoneos iphonesimulator";
				SUPPORTS_MACCATALYST = NO;
				SUPPORTS_MAC_DESIGNED_FOR_IPHONE_IPAD = NO;
				SUPPORTS_XR_DESIGNED_FOR_IPHONE_IPAD = NO;
				SWIFT_APPROACHABLE_CONCURRENCY = YES;
				SWIFT_EMIT_LOC_STRINGS = YES;
				SWIFT_UPCOMING_FEATURE_MEMBER_IMPORT_VISIBILITY = YES;
				SWIFT_VERSION = 5.0;
				TARGETED_DEVICE_FAMILY = 1;
				VALIDATE_PRODUCT = YES;
			};
			name = Release;
		};
/* End XCBuildConfiguration section */

/* Begin XCConfigurationList section */
		48290F102FAA354400DC19DE /* Build configuration list for PBXProject "byow" */ = {
			isa = XCConfigurationList;
			buildConfigurations = (
				48290F342FAA354500DC19DE /* Debug */,
				48290F352FAA354500DC19DE /* Release */,
			);
			defaultConfigurationIsVisible = 0;
			defaultConfigurationName = Release;
		};
		48290F362FAA354500DC19DE /* Build configuration list for PBXNativeTarget "byow" */ = {
			isa = XCConfigurationList;
			buildConfigurations = (
				48290F372FAA354500DC19DE /* Debug */,
				48290F382FAA354500DC19DE /* Release */,
			);
			defaultConfigurationIsVisible = 0;
			defaultConfigurationName = Release;
		};
		48290F392FAA354500DC19DE /* Build configuration list for PBXNativeTarget "byowTests" */ = {
			isa = XCConfigurationList;
			buildConfigurations = (
				48290F3A2FAA354500DC19DE /* Debug */,
				48290F3B2FAA354500DC19DE /* Release */,
			);
			defaultConfigurationIsVisible = 0;
			defaultConfigurationName = Release;
		};
		48290F3C2FAA354500DC19DE /* Build configuration list for PBXNativeTarget "byowUITests" */ = {
			isa = XCConfigurationList;
			buildConfigurations = (
				48290F3D2FAA354500DC19DE /* Debug */,
				48290F3E2FAA354500DC19DE /* Release */,
			);
			defaultConfigurationIsVisible = 0;
			defaultConfigurationName = Release;
		};
		485A0D072FAC624700AA8130 /* Build configuration list for PBXNativeTarget "byow-watch Watch App" */ = {
			isa = XCConfigurationList;
			buildConfigurations = (
				485A0D082FAC624700AA8130 /* Debug */,
				485A0D092FAC624700AA8130 /* Release */,
			);
			defaultConfigurationIsVisible = 0;
			defaultConfigurationName = Release;
		};
		485A0D0A2FAC624700AA8130 /* Build configuration list for PBXNativeTarget "byow-watch Watch AppTests" */ = {
			isa = XCConfigurationList;
			buildConfigurations = (
				485A0D0B2FAC624700AA8130 /* Debug */,
				485A0D0C2FAC624700AA8130 /* Release */,
			);
			defaultConfigurationIsVisible = 0;
			defaultConfigurationName = Release;
		};
		485A0D0D2FAC624700AA8130 /* Build configuration list for PBXNativeTarget "byow-watch Watch AppUITests" */ = {
			isa = XCConfigurationList;
			buildConfigurations = (
				485A0D0E2FAC624700AA8130 /* Debug */,
				485A0D0F2FAC624700AA8130 /* Release */,
			);
			defaultConfigurationIsVisible = 0;
			defaultConfigurationName = Release;
		};
		485A1BD72FAC98E900AA8130 /* Build configuration list for PBXNativeTarget "byowWorkoutWidgetExtension" */ = {
			isa = XCConfigurationList;
			buildConfigurations = (
				485A1BD82FAC98E900AA8130 /* Debug */,
				485A1BD92FAC98E900AA8130 /* Release */,
			);
			defaultConfigurationIsVisible = 0;
			defaultConfigurationName = Release;
		};
/* End XCConfigurationList section */

/* Begin XCLocalSwiftPackageReference section */
		FBBP001000000000000000A1 /* XCLocalSwiftPackageReference "Packages/BYOWWorkoutKit" */ = {
			isa = XCLocalSwiftPackageReference;
			relativePath = Packages/BYOWWorkoutKit;
		};
/* End XCLocalSwiftPackageReference section */

/* Begin XCSwiftPackageProductDependency section */
		FBBD001000000000000000A1 /* BYOWDesignSystem */ = {
			isa = XCSwiftPackageProductDependency;
			productName = BYOWDesignSystem;
		};
		FBBD001000000000000000A2 /* BYOWWorkoutKitCore */ = {
			isa = XCSwiftPackageProductDependency;
			productName = BYOWWorkoutKitCore;
		};
		FBBD001000000000000000A3 /* BYOWWorkoutKitNet */ = {
			isa = XCSwiftPackageProductDependency;
			productName = BYOWWorkoutKitNet;
		};
		FBBD001000000000000000B1 /* BYOWDesignSystem */ = {
			isa = XCSwiftPackageProductDependency;
			productName = BYOWDesignSystem;
		};
		FBBD001000000000000000B2 /* BYOWWorkoutKitCore */ = {
			isa = XCSwiftPackageProductDependency;
			productName = BYOWWorkoutKitCore;
		};
		FBBD001000000000000000B3 /* BYOWWorkoutKitNet */ = {
			isa = XCSwiftPackageProductDependency;
			productName = BYOWWorkoutKitNet;
		};
/* End XCSwiftPackageProductDependency section */
	};
	rootObject = 48290F0D2FAA354400DC19DE /* Project object */;
}
